
Microsoft Visual Studio Solution File, Format Version 12.00
# Visual Studio 15
VisualStudioVersion = 15.0.28010.2036
MinimumVisualStudioVersion = 10.0.40219.1
Project("{9A19103F-16F7-4668-BE54-9A1E7A4F7556}") = "ApiMeAjuda", "ApiMeAjuda.csproj", "{A66AD6A8-2202-4AEB-9DF1-F4106F024616}"
EndProject
Global
	GlobalSection(SolutionConfigurationPlatforms) = preSolution
		Debug|Any CPU = Debug|Any CPU
		Release|Any CPU = Release|Any CPU
	EndGlobalSection
	GlobalSection(ProjectConfigurationPlatforms) = postSolution
		{A66AD6A8-2202-4AEB-9DF1-F4106F024616}.Debug|Any CPU.ActiveCfg = Debug|Any CPU
		{A66AD6A8-2202-4AEB-9DF1-F4106F024616}.Debug|Any CPU.Build.0 = Debug|Any CPU
		{A66AD6A8-2202-4AEB-9DF1-F4106F024616}.Release|Any CPU.ActiveCfg = Release|Any CPU
		{A66AD6A8-2202-4AEB-9DF1-F4106F024616}.Release|Any CPU.Build.0 = Release|Any CPU
	EndGlobalSection
	GlobalSection(SolutionProperties) = preSolution
		HideSolutionNode = FALSE
	EndGlobalSection
	GlobalSection(ExtensibilityGlobals) = postSolution
		SolutionGuid = {242E8FC9-1E96-4438-A4FD-1BFFB2AA3B29}
	EndGlobalSection
EndGlobal
